{
  "version": 4,
  "terraform_version": "1.2.3",
  "serial": 20,
  "lineage": "d03c825c-2dde-c06c-2f36-9afefcc7b674",
  "outputs": {
    "container-names": {
      "value": [
        "dov-bear-0",
        "dov-bear-1",
        "dov-bear-2",
        "dov-bear-3"
      ],
      "type": [
        "tuple",
        [
          "string",
          "string",
          "string",
          "string"
        ]
      ]
    },
    "dov-bear-MD5": {
      "value": "chukmunnlee/dov-bear@sha256:2ea79cd4613427ab97a952f4fb7914928ad782a7b83022e88927643764c8ec2c",
      "type": "string"
    },
    "mykey_ssh_key": {
      "value": "ca:a2:49:26:6c:8b:21:28:36:5f:c4:ff:1c:7b:07:30",
      "type": "string"
    },
    "mykey_ssh_key_id": {
      "value": 34995968,
      "type": "number"
    }
  },
  "resources": [
    {
      "mode": "data",
      "type": "digitalocean_ssh_key",
      "name": "aipc-fred-key",
      "provider": "provider[\"registry.terraform.io/digitalocean/digitalocean\"]",
      "instances": [
        {
          "schema_version": 0,
          "attributes": {
            "fingerprint": "ca:a2:49:26:6c:8b:21:28:36:5f:c4:ff:1c:7b:07:30",
            "id": 34995968,
            "name": "aipc_fred_key",
            "public_key": "ssh-rsa AAAAB3NzaC1yc2EAAAADAQABAAABgQDXtWafLjaSJ87hImxpZriHh1fP8eRIpPliyj2GHtimm48Fm22AiZZa35nRbczUEsc6ds+croULZlMTBaCKbFpdo8mQ8nl8vcHyMhn/gtgVjGXXf6nKGzk4EGXZEWea2Nrpo5YllrfR812Gmek6JwZ5omY0s8L7U7h35FPYl9wcPxjgpty7JkEXiz/siLJXuh9quKDEe82YRQVr4uTATCIoW250unY4by5ZwwVcrXwiXMXdtlRxfnCWsf85LMeTtvBnQeOI5xRKgHnJSvGcp6U8CTL2a/i+76Du7FAN4Y+1EsTeIfN8ZCVR0/5cVQTPVKYRf0p2oGnFJhKtVsrORR6IzimbaBcDRSyryKsmkF+5AEOFlmTv9bfeE/VeRnJO+1kNk2J6sfm93lB027efHzJ4SBzB4xujcoZzwRgUhqS5HuuYo/sn9Ziup7UwdeTdKZJAQTbVJyaKZvUt7IxcI6jtwysg9FU1vlDRJBpXxVs/kjwtfSJf7N0L3QypgKjmGPE= admin@km-chua-ALVDD"
          },
          "sensitive_attributes": []
        }
      ]
    },
    {
      "mode": "data",
      "type": "docker_image",
      "name": "dov-bear",
      "provider": "provider[\"registry.terraform.io/kreuzwerker/docker\"]",
      "instances": [
        {
          "schema_version": 0,
          "attributes": {
            "id": "sha256:6a1960b234eaa1625d7a0baf066e0b56bfab9d71d060088b9f732dd283c67a75",
            "name": "chukmunnlee/dov-bear:v2",
            "repo_digest": "chukmunnlee/dov-bear@sha256:2ea79cd4613427ab97a952f4fb7914928ad782a7b83022e88927643764c8ec2c"
          },
          "sensitive_attributes": []
        }
      ]
    },
    {
      "mode": "managed",
      "type": "docker_container",
      "name": "dov-bear-container",
      "provider": "provider[\"registry.terraform.io/kreuzwerker/docker\"]",
      "instances": [
        {
          "index_key": 0,
          "schema_version": 2,
          "attributes": {
            "attach": false,
            "bridge": "",
            "capabilities": [],
            "command": [],
            "container_logs": null,
            "cpu_set": "",
            "cpu_shares": 0,
            "destroy_grace_seconds": null,
            "devices": [],
            "dns": [],
            "dns_opts": [],
            "dns_search": [],
            "domainname": "",
            "entrypoint": [
              "node",
              "main.js"
            ],
            "env": [
              "INSTANCE_HASH=0",
              "INSTANCE_NAME=myapp-0"
            ],
            "exit_code": null,
            "gateway": "172.17.0.1",
            "group_add": [],
            "healthcheck": [
              {
                "interval": "30s",
                "retries": 3,
                "start_period": "5s",
                "test": [
                  "CMD-SHELL",
                  "curl -s -f localhost:3000/healthz || exit 1"
                ],
                "timeout": "5s"
              }
            ],
            "host": [],
            "hostname": "83021adf2f26",
            "id": "83021adf2f265325f0a38e1593fcf4ea87df471de06b54fe6c9323e0e19dd1c4",
            "image": "sha256:6a1960b234eaa1625d7a0baf066e0b56bfab9d71d060088b9f732dd283c67a75",
            "init": false,
            "ip_address": "172.17.0.4",
            "ip_prefix_length": 16,
            "ipc_mode": "private",
            "labels": [],
            "links": [],
            "log_driver": "json-file",
            "log_opts": {},
            "logs": false,
            "max_retry_count": 0,
            "memory": 0,
            "memory_swap": 0,
            "mounts": [],
            "must_run": true,
            "name": "dov-bear-0",
            "network_alias": null,
            "network_data": [
              {
                "gateway": "172.17.0.1",
                "global_ipv6_address": "",
                "global_ipv6_prefix_length": 0,
                "ip_address": "172.17.0.4",
                "ip_prefix_length": 16,
                "ipv6_gateway": "",
                "network_name": "bridge"
              }
            ],
            "network_mode": "default",
            "networks": null,
            "networks_advanced": [],
            "pid_mode": "",
            "ports": [
              {
                "external": 8080,
                "internal": 3000,
                "ip": "0.0.0.0",
                "protocol": "tcp"
              }
            ],
            "privileged": false,
            "publish_all_ports": false,
            "read_only": false,
            "remove_volumes": true,
            "restart": "no",
            "rm": false,
            "security_opts": [],
            "shm_size": 64,
            "start": true,
            "stdin_open": false,
            "storage_opts": {},
            "sysctls": {},
            "tmpfs": {},
            "tty": false,
            "ulimit": [],
            "upload": [],
            "user": "",
            "userns_mode": "",
            "volumes": [],
            "working_dir": "/app"
          },
          "sensitive_attributes": [],
          "private": "eyJzY2hlbWFfdmVyc2lvbiI6IjIifQ==",
          "dependencies": [
            "data.docker_image.dov-bear"
          ]
        },
        {
          "index_key": 1,
          "schema_version": 2,
          "attributes": {
            "attach": false,
            "bridge": "",
            "capabilities": [],
            "command": [],
            "container_logs": null,
            "cpu_set": "",
            "cpu_shares": 0,
            "destroy_grace_seconds": null,
            "devices": [],
            "dns": [],
            "dns_opts": [],
            "dns_search": [],
            "domainname": "",
            "entrypoint": [
              "node",
              "main.js"
            ],
            "env": [
              "INSTANCE_HASH=1",
              "INSTANCE_NAME=myapp-1"
            ],
            "exit_code": null,
            "gateway": "172.17.0.1",
            "group_add": [],
            "healthcheck": [
              {
                "interval": "30s",
                "retries": 3,
                "start_period": "5s",
                "test": [
                  "CMD-SHELL",
                  "curl -s -f localhost:3000/healthz || exit 1"
                ],
                "timeout": "5s"
              }
            ],
            "host": [],
            "hostname": "2c3128240293",
            "id": "2c3128240293d0fd583ab09f0036a46175627777436be64ea1a67ed6c4d7f60c",
            "image": "sha256:6a1960b234eaa1625d7a0baf066e0b56bfab9d71d060088b9f732dd283c67a75",
            "init": false,
            "ip_address": "172.17.0.5",
            "ip_prefix_length": 16,
            "ipc_mode": "private",
            "labels": [],
            "links": [],
            "log_driver": "json-file",
            "log_opts": {},
            "logs": false,
            "max_retry_count": 0,
            "memory": 0,
            "memory_swap": 0,
            "mounts": [],
            "must_run": true,
            "name": "dov-bear-1",
            "network_alias": null,
            "network_data": [
              {
                "gateway": "172.17.0.1",
                "global_ipv6_address": "",
                "global_ipv6_prefix_length": 0,
                "ip_address": "172.17.0.5",
                "ip_prefix_length": 16,
                "ipv6_gateway": "",
                "network_name": "bridge"
              }
            ],
            "network_mode": "default",
            "networks": null,
            "networks_advanced": [],
            "pid_mode": "",
            "ports": [
              {
                "external": 8081,
                "internal": 3000,
                "ip": "0.0.0.0",
                "protocol": "tcp"
              }
            ],
            "privileged": false,
            "publish_all_ports": false,
            "read_only": false,
            "remove_volumes": true,
            "restart": "no",
            "rm": false,
            "security_opts": [],
            "shm_size": 64,
            "start": true,
            "stdin_open": false,
            "storage_opts": {},
            "sysctls": {},
            "tmpfs": {},
            "tty": false,
            "ulimit": [],
            "upload": [],
            "user": "",
            "userns_mode": "",
            "volumes": [],
            "working_dir": "/app"
          },
          "sensitive_attributes": [],
          "private": "eyJzY2hlbWFfdmVyc2lvbiI6IjIifQ==",
          "dependencies": [
            "data.docker_image.dov-bear"
          ]
        },
        {
          "index_key": 2,
          "schema_version": 2,
          "attributes": {
            "attach": false,
            "bridge": "",
            "capabilities": [],
            "command": [],
            "container_logs": null,
            "cpu_set": "",
            "cpu_shares": 0,
            "destroy_grace_seconds": null,
            "devices": [],
            "dns": [],
            "dns_opts": [],
            "dns_search": [],
            "domainname": "",
            "entrypoint": [
              "node",
              "main.js"
            ],
            "env": [
              "INSTANCE_HASH=2",
              "INSTANCE_NAME=myapp-2"
            ],
            "exit_code": null,
            "gateway": "172.17.0.1",
            "group_add": [],
            "healthcheck": [
              {
                "interval": "30s",
                "retries": 3,
                "start_period": "5s",
                "test": [
                  "CMD-SHELL",
                  "curl -s -f localhost:3000/healthz || exit 1"
                ],
                "timeout": "5s"
              }
            ],
            "host": [],
            "hostname": "2b4b98e0180d",
            "id": "2b4b98e0180d69360ab4ef5cc6ce30fd1feb33df6683fd7ba376084a750c19e4",
            "image": "sha256:6a1960b234eaa1625d7a0baf066e0b56bfab9d71d060088b9f732dd283c67a75",
            "init": false,
            "ip_address": "172.17.0.3",
            "ip_prefix_length": 16,
            "ipc_mode": "private",
            "labels": [],
            "links": [],
            "log_driver": "json-file",
            "log_opts": {},
            "logs": false,
            "max_retry_count": 0,
            "memory": 0,
            "memory_swap": 0,
            "mounts": [],
            "must_run": true,
            "name": "dov-bear-2",
            "network_alias": null,
            "network_data": [
              {
                "gateway": "172.17.0.1",
                "global_ipv6_address": "",
                "global_ipv6_prefix_length": 0,
                "ip_address": "172.17.0.3",
                "ip_prefix_length": 16,
                "ipv6_gateway": "",
                "network_name": "bridge"
              }
            ],
            "network_mode": "default",
            "networks": null,
            "networks_advanced": [],
            "pid_mode": "",
            "ports": [
              {
                "external": 8082,
                "internal": 3000,
                "ip": "0.0.0.0",
                "protocol": "tcp"
              }
            ],
            "privileged": false,
            "publish_all_ports": false,
            "read_only": false,
            "remove_volumes": true,
            "restart": "no",
            "rm": false,
            "security_opts": [],
            "shm_size": 64,
            "start": true,
            "stdin_open": false,
            "storage_opts": {},
            "sysctls": {},
            "tmpfs": {},
            "tty": false,
            "ulimit": [],
            "upload": [],
            "user": "",
            "userns_mode": "",
            "volumes": [],
            "working_dir": "/app"
          },
          "sensitive_attributes": [],
          "private": "eyJzY2hlbWFfdmVyc2lvbiI6IjIifQ==",
          "dependencies": [
            "data.docker_image.dov-bear"
          ]
        },
        {
          "index_key": 3,
          "schema_version": 2,
          "attributes": {
            "attach": false,
            "bridge": "",
            "capabilities": [],
            "command": [],
            "container_logs": null,
            "cpu_set": "",
            "cpu_shares": 0,
            "destroy_grace_seconds": null,
            "devices": [],
            "dns": [],
            "dns_opts": [],
            "dns_search": [],
            "domainname": "",
            "entrypoint": [
              "node",
              "main.js"
            ],
            "env": [
              "INSTANCE_HASH=3",
              "INSTANCE_NAME=myapp-3"
            ],
            "exit_code": null,
            "gateway": "172.17.0.1",
            "group_add": [],
            "healthcheck": [
              {
                "interval": "30s",
                "retries": 3,
                "start_period": "5s",
                "test": [
                  "CMD-SHELL",
                  "curl -s -f localhost:3000/healthz || exit 1"
                ],
                "timeout": "5s"
              }
            ],
            "host": [],
            "hostname": "43f686de5071",
            "id": "43f686de5071dd819274ed955e7d34985432901966fbe0616391a84b35b65cb8",
            "image": "sha256:6a1960b234eaa1625d7a0baf066e0b56bfab9d71d060088b9f732dd283c67a75",
            "init": false,
            "ip_address": "172.17.0.2",
            "ip_prefix_length": 16,
            "ipc_mode": "private",
            "labels": [],
            "links": [],
            "log_driver": "json-file",
            "log_opts": {},
            "logs": false,
            "max_retry_count": 0,
            "memory": 0,
            "memory_swap": 0,
            "mounts": [],
            "must_run": true,
            "name": "dov-bear-3",
            "network_alias": null,
            "network_data": [
              {
                "gateway": "172.17.0.1",
                "global_ipv6_address": "",
                "global_ipv6_prefix_length": 0,
                "ip_address": "172.17.0.2",
                "ip_prefix_length": 16,
                "ipv6_gateway": "",
                "network_name": "bridge"
              }
            ],
            "network_mode": "default",
            "networks": null,
            "networks_advanced": [],
            "pid_mode": "",
            "ports": [
              {
                "external": 8083,
                "internal": 3000,
                "ip": "0.0.0.0",
                "protocol": "tcp"
              }
            ],
            "privileged": false,
            "publish_all_ports": false,
            "read_only": false,
            "remove_volumes": true,
            "restart": "no",
            "rm": false,
            "security_opts": [],
            "shm_size": 64,
            "start": true,
            "stdin_open": false,
            "storage_opts": {},
            "sysctls": {},
            "tmpfs": {},
            "tty": false,
            "ulimit": [],
            "upload": [],
            "user": "",
            "userns_mode": "",
            "volumes": [],
            "working_dir": "/app"
          },
          "sensitive_attributes": [],
          "private": "eyJzY2hlbWFfdmVyc2lvbiI6IjIifQ==",
          "dependencies": [
            "data.docker_image.dov-bear"
          ]
        }
      ]
    },
    {
      "mode": "managed",
      "type": "docker_container",
      "name": "dov-bear-unique",
      "provider": "provider[\"registry.terraform.io/kreuzwerker/docker\"]",
      "instances": [
        {
          "index_key": "abc",
          "schema_version": 2,
          "attributes": {
            "attach": false,
            "bridge": "",
            "capabilities": [],
            "command": [],
            "container_logs": null,
            "cpu_set": "",
            "cpu_shares": 0,
            "destroy_grace_seconds": null,
            "devices": [],
            "dns": null,
            "dns_opts": null,
            "dns_search": null,
            "domainname": "",
            "entrypoint": [
              "node",
              "main.js"
            ],
            "env": [
              "INSTANCE_NAME=abc"
            ],
            "exit_code": null,
            "gateway": "172.17.0.1",
            "group_add": null,
            "healthcheck": [
              {
                "interval": "30s",
                "retries": 3,
                "start_period": "5s",
                "test": [
                  "CMD-SHELL",
                  "curl -s -f localhost:3000/healthz || exit 1"
                ],
                "timeout": "5s"
              }
            ],
            "host": [],
            "hostname": "8c0996d92833",
            "id": "8c0996d92833960d607e0f5c23ba6c4ae0e31cf559d93766bba96b5fd1cb035b",
            "image": "sha256:6a1960b234eaa1625d7a0baf066e0b56bfab9d71d060088b9f732dd283c67a75",
            "init": false,
            "ip_address": "172.17.0.6",
            "ip_prefix_length": 16,
            "ipc_mode": "private",
            "labels": [],
            "links": null,
            "log_driver": "json-file",
            "log_opts": null,
            "logs": false,
            "max_retry_count": 0,
            "memory": 0,
            "memory_swap": 0,
            "mounts": [],
            "must_run": true,
            "name": "abc",
            "network_alias": null,
            "network_data": [
              {
                "gateway": "172.17.0.1",
                "global_ipv6_address": "",
                "global_ipv6_prefix_length": 0,
                "ip_address": "172.17.0.6",
                "ip_prefix_length": 16,
                "ipv6_gateway": "",
                "network_name": "bridge"
              }
            ],
            "network_mode": "default",
            "networks": null,
            "networks_advanced": [],
            "pid_mode": "",
            "ports": [
              {
                "external": 1234,
                "internal": 3000,
                "ip": "0.0.0.0",
                "protocol": "tcp"
              }
            ],
            "privileged": false,
            "publish_all_ports": false,
            "read_only": false,
            "remove_volumes": true,
            "restart": "no",
            "rm": false,
            "security_opts": [],
            "shm_size": 64,
            "start": true,
            "stdin_open": false,
            "storage_opts": null,
            "sysctls": null,
            "tmpfs": null,
            "tty": false,
            "ulimit": [],
            "upload": [],
            "user": "",
            "userns_mode": "",
            "volumes": [],
            "working_dir": "/app"
          },
          "sensitive_attributes": [],
          "private": "eyJzY2hlbWFfdmVyc2lvbiI6IjIifQ==",
          "dependencies": [
            "data.docker_image.dov-bear"
          ]
        },
        {
          "index_key": "xyz",
          "schema_version": 2,
          "attributes": {
            "attach": false,
            "bridge": "",
            "capabilities": [],
            "command": [],
            "container_logs": null,
            "cpu_set": "",
            "cpu_shares": 0,
            "destroy_grace_seconds": null,
            "devices": [],
            "dns": null,
            "dns_opts": null,
            "dns_search": null,
            "domainname": "",
            "entrypoint": [
              "node",
              "main.js"
            ],
            "env": [
              "INSTANCE_NAME=xyz"
            ],
            "exit_code": null,
            "gateway": "172.17.0.1",
            "group_add": null,
            "healthcheck": [
              {
                "interval": "30s",
                "retries": 3,
                "start_period": "5s",
                "test": [
                  "CMD-SHELL",
                  "curl -s -f localhost:3000/healthz || exit 1"
                ],
                "timeout": "5s"
              }
            ],
            "host": [],
            "hostname": "6f335d576115",
            "id": "6f335d5761150ff9bb27d4de1a6f53f9412f850db462679be2a5a6802c446f60",
            "image": "sha256:6a1960b234eaa1625d7a0baf066e0b56bfab9d71d060088b9f732dd283c67a75",
            "init": false,
            "ip_address": "172.17.0.7",
            "ip_prefix_length": 16,
            "ipc_mode": "private",
            "labels": [],
            "links": null,
            "log_driver": "json-file",
            "log_opts": null,
            "logs": false,
            "max_retry_count": 0,
            "memory": 0,
            "memory_swap": 0,
            "mounts": [],
            "must_run": true,
            "name": "xyz",
            "network_alias": null,
            "network_data": [
              {
                "gateway": "172.17.0.1",
                "global_ipv6_address": "",
                "global_ipv6_prefix_length": 0,
                "ip_address": "172.17.0.7",
                "ip_prefix_length": 16,
                "ipv6_gateway": "",
                "network_name": "bridge"
              }
            ],
            "network_mode": "default",
            "networks": null,
            "networks_advanced": [],
            "pid_mode": "",
            "ports": [
              {
                "external": 9090,
                "internal": 3000,
                "ip": "0.0.0.0",
                "protocol": "tcp"
              }
            ],
            "privileged": false,
            "publish_all_ports": false,
            "read_only": false,
            "remove_volumes": true,
            "restart": "no",
            "rm": false,
            "security_opts": [],
            "shm_size": 64,
            "start": true,
            "stdin_open": false,
            "storage_opts": null,
            "sysctls": null,
            "tmpfs": null,
            "tty": false,
            "ulimit": [],
            "upload": [],
            "user": "",
            "userns_mode": "",
            "volumes": [],
            "working_dir": "/app"
          },
          "sensitive_attributes": [],
          "private": "eyJzY2hlbWFfdmVyc2lvbiI6IjIifQ==",
          "dependencies": [
            "data.docker_image.dov-bear"
          ]
        }
      ]
    }
  ]
}
